
Microsoft Visual Studio Solution File, Format Version 12.00
# Visual Studio Version 16
VisualStudioVersion = 16.0.30413.136
MinimumVisualStudioVersion = 10.0.40219.1
Project("{FAE04EC0-301F-11D3-BF4B-00C04F79EFBC}") = "ConsoleApp1", "ConsoleApp1.csproj", "{A46F1644-CF4E-4A7B-A8B1-06D62DDC1ED9}"
EndProject
Global
	GlobalSection(SolutionConfigurationPlatforms) = preSolution
		Debug|Any CPU = Debug|Any CPU
		Release|Any CPU = Release|Any CPU
	EndGlobalSection
	GlobalSection(ProjectConfigurationPlatforms) = postSolution
		{A46F1644-CF4E-4A7B-A8B1-06D62DDC1ED9}.Debug|Any CPU.ActiveCfg = Debug|Any CPU
		{A46F1644-CF4E-4A7B-A8B1-06D62DDC1ED9}.Debug|Any CPU.Build.0 = Debug|Any CPU
		{A46F1644-CF4E-4A7B-A8B1-06D62DDC1ED9}.Release|Any CPU.ActiveCfg = Release|Any CPU
		{A46F1644-CF4E-4A7B-A8B1-06D62DDC1ED9}.Release|Any CPU.Build.0 = Release|Any CPU
	EndGlobalSection
	GlobalSection(SolutionProperties) = preSolution
		HideSolutionNode = FALSE
	EndGlobalSection
	GlobalSection(ExtensibilityGlobals) = postSolution
		SolutionGuid = {0707BC0D-97E3-45CA-9697-4FB1F672E8FA}
	EndGlobalSection
EndGlobal
